
Microsoft Visual Studio Solution File, Format Version 12.00
# Visual Studio Version 17
VisualStudioVersion = 17.13.35919.96 d17.13
MinimumVisualStudioVersion = 10.0.40219.1
Project("{FAE04EC0-301F-11D3-BF4B-00C04F79EFBC}") = "data_check", "data_check\data_check.csproj", "{B783BAB1-7CB8-470D-B493-FC72BFA957A7}"
EndProject
Global
	GlobalSection(SolutionConfigurationPlatforms) = preSolution
		Debug|Any CPU = Debug|Any CPU
		Release|Any CPU = Release|Any CPU
	EndGlobalSection
	GlobalSection(ProjectConfigurationPlatforms) = postSolution
		{B783BAB1-7CB8-470D-B493-FC72BFA957A7}.Debug|Any CPU.ActiveCfg = Debug|Any CPU
		{B783BAB1-7CB8-470D-B493-FC72BFA957A7}.Debug|Any CPU.Build.0 = Debug|Any CPU
		{B783BAB1-7CB8-470D-B493-FC72BFA957A7}.Release|Any CPU.ActiveCfg = Release|Any CPU
		{B783BAB1-7CB8-470D-B493-FC72BFA957A7}.Release|Any CPU.Build.0 = Release|Any CPU
	EndGlobalSection
	GlobalSection(SolutionProperties) = preSolution
		HideSolutionNode = FALSE
	EndGlobalSection
	GlobalSection(ExtensibilityGlobals) = postSolution
		SolutionGuid = {D88DA98D-85CD-4A60-BB43-829650590329}
	EndGlobalSection
EndGlobal
